
Microsoft Visual Studio Solution File, Format Version 12.00
# Visual Studio Version 16
VisualStudioVersion = 16.0.30611.23
MinimumVisualStudioVersion = 10.0.40219.1
Project("{FAE04EC0-301F-11D3-BF4B-00C04F79EFBC}") = "ExceptionAssignment", "ExceptionAssignment\ExceptionAssignment.csproj", "{70A31C35-3A2A-4FE2-8DF8-B9A919D8AB80}"
EndProject
Global
	GlobalSection(SolutionConfigurationPlatforms) = preSolution
		Debug|Any CPU = Debug|Any CPU
		Release|Any CPU = Release|Any CPU
	EndGlobalSection
	GlobalSection(ProjectConfigurationPlatforms) = postSolution
		{70A31C35-3A2A-4FE2-8DF8-B9A919D8AB80}.Debug|Any CPU.ActiveCfg = Debug|Any CPU
		{70A31C35-3A2A-4FE2-8DF8-B9A919D8AB80}.Debug|Any CPU.Build.0 = Debug|Any CPU
		{70A31C35-3A2A-4FE2-8DF8-B9A919D8AB80}.Release|Any CPU.ActiveCfg = Release|Any CPU
		{70A31C35-3A2A-4FE2-8DF8-B9A919D8AB80}.Release|Any CPU.Build.0 = Release|Any CPU
	EndGlobalSection
	GlobalSection(SolutionProperties) = preSolution
		HideSolutionNode = FALSE
	EndGlobalSection
	GlobalSection(ExtensibilityGlobals) = postSolution
		SolutionGuid = {11B942FB-0204-4D98-A0AA-8F567FD5A096}
	EndGlobalSection
EndGlobal
