
Microsoft Visual Studio Solution File, Format Version 12.00
# Visual Studio Version 16
VisualStudioVersion = 16.0.30611.23
MinimumVisualStudioVersion = 10.0.40219.1
Project("{FAE04EC0-301F-11D3-BF4B-00C04F79EFBC}") = "ExceptionFollow", "ExceptionFollow\ExceptionFollow.csproj", "{861E3262-9EEB-4A39-841D-4CFCDF0AEA0B}"
EndProject
Global
	GlobalSection(SolutionConfigurationPlatforms) = preSolution
		Debug|Any CPU = Debug|Any CPU
		Release|Any CPU = Release|Any CPU
	EndGlobalSection
	GlobalSection(ProjectConfigurationPlatforms) = postSolution
		{861E3262-9EEB-4A39-841D-4CFCDF0AEA0B}.Debug|Any CPU.ActiveCfg = Debug|Any CPU
		{861E3262-9EEB-4A39-841D-4CFCDF0AEA0B}.Debug|Any CPU.Build.0 = Debug|Any CPU
		{861E3262-9EEB-4A39-841D-4CFCDF0AEA0B}.Release|Any CPU.ActiveCfg = Release|Any CPU
		{861E3262-9EEB-4A39-841D-4CFCDF0AEA0B}.Release|Any CPU.Build.0 = Release|Any CPU
	EndGlobalSection
	GlobalSection(SolutionProperties) = preSolution
		HideSolutionNode = FALSE
	EndGlobalSection
	GlobalSection(ExtensibilityGlobals) = postSolution
		SolutionGuid = {F4F827A6-2316-4CF5-9583-ECBEDEA139B6}
	EndGlobalSection
EndGlobal
