
Microsoft Visual Studio Solution File, Format Version 12.00
# Visual Studio Version 16
VisualStudioVersion = 16.0.30611.23
MinimumVisualStudioVersion = 10.0.40219.1
Project("{FAE04EC0-301F-11D3-BF4B-00C04F79EFBC}") = "CodeFirstNewDatabaseStudents", "CodeFirstNewDatabaseStudents\CodeFirstNewDatabaseStudents.csproj", "{2528E51B-209E-485F-9DEA-260A16773930}"
EndProject
Global
	GlobalSection(SolutionConfigurationPlatforms) = preSolution
		Debug|Any CPU = Debug|Any CPU
		Release|Any CPU = Release|Any CPU
	EndGlobalSection
	GlobalSection(ProjectConfigurationPlatforms) = postSolution
		{2528E51B-209E-485F-9DEA-260A16773930}.Debug|Any CPU.ActiveCfg = Debug|Any CPU
		{2528E51B-209E-485F-9DEA-260A16773930}.Debug|Any CPU.Build.0 = Debug|Any CPU
		{2528E51B-209E-485F-9DEA-260A16773930}.Release|Any CPU.ActiveCfg = Release|Any CPU
		{2528E51B-209E-485F-9DEA-260A16773930}.Release|Any CPU.Build.0 = Release|Any CPU
	EndGlobalSection
	GlobalSection(SolutionProperties) = preSolution
		HideSolutionNode = FALSE
	EndGlobalSection
	GlobalSection(ExtensibilityGlobals) = postSolution
		SolutionGuid = {8D956729-6067-41D1-BA68-29E754E001A2}
	EndGlobalSection
EndGlobal
