
Microsoft Visual Studio Solution File, Format Version 12.00
# Visual Studio Version 16
VisualStudioVersion = 16.0.30611.23
MinimumVisualStudioVersion = 10.0.40219.1
Project("{FAE04EC0-301F-11D3-BF4B-00C04F79EFBC}") = "InputOutputAssignment", "InputOutputAssignment\InputOutputAssignment.csproj", "{926C65C0-F623-48F1-8C4A-4477457DC24B}"
EndProject
Global
	GlobalSection(SolutionConfigurationPlatforms) = preSolution
		Debug|Any CPU = Debug|Any CPU
		Release|Any CPU = Release|Any CPU
	EndGlobalSection
	GlobalSection(ProjectConfigurationPlatforms) = postSolution
		{926C65C0-F623-48F1-8C4A-4477457DC24B}.Debug|Any CPU.ActiveCfg = Debug|Any CPU
		{926C65C0-F623-48F1-8C4A-4477457DC24B}.Debug|Any CPU.Build.0 = Debug|Any CPU
		{926C65C0-F623-48F1-8C4A-4477457DC24B}.Release|Any CPU.ActiveCfg = Release|Any CPU
		{926C65C0-F623-48F1-8C4A-4477457DC24B}.Release|Any CPU.Build.0 = Release|Any CPU
	EndGlobalSection
	GlobalSection(SolutionProperties) = preSolution
		HideSolutionNode = FALSE
	EndGlobalSection
	GlobalSection(ExtensibilityGlobals) = postSolution
		SolutionGuid = {19B5BCC5-D816-481B-9F04-72EF4748D4D3}
	EndGlobalSection
EndGlobal
