
Microsoft Visual Studio Solution File, Format Version 12.00
# Visual Studio Version 16
VisualStudioVersion = 16.0.30611.23
MinimumVisualStudioVersion = 10.0.40219.1
Project("{FAE04EC0-301F-11D3-BF4B-00C04F79EFBC}") = "EnumAssignment", "Enum\EnumAssignment.csproj", "{136066CE-E95D-4406-A6C3-A3C15DAE377A}"
EndProject
Global
	GlobalSection(SolutionConfigurationPlatforms) = preSolution
		Debug|Any CPU = Debug|Any CPU
		Release|Any CPU = Release|Any CPU
	EndGlobalSection
	GlobalSection(ProjectConfigurationPlatforms) = postSolution
		{136066CE-E95D-4406-A6C3-A3C15DAE377A}.Debug|Any CPU.ActiveCfg = Debug|Any CPU
		{136066CE-E95D-4406-A6C3-A3C15DAE377A}.Debug|Any CPU.Build.0 = Debug|Any CPU
		{136066CE-E95D-4406-A6C3-A3C15DAE377A}.Release|Any CPU.ActiveCfg = Release|Any CPU
		{136066CE-E95D-4406-A6C3-A3C15DAE377A}.Release|Any CPU.Build.0 = Release|Any CPU
	EndGlobalSection
	GlobalSection(SolutionProperties) = preSolution
		HideSolutionNode = FALSE
	EndGlobalSection
	GlobalSection(ExtensibilityGlobals) = postSolution
		SolutionGuid = {575B712E-B93F-49B4-A72C-4C211A9241D8}
	EndGlobalSection
EndGlobal
