
Microsoft Visual Studio Solution File, Format Version 12.00
# Visual Studio Version 16
VisualStudioVersion = 16.0.30611.23
MinimumVisualStudioVersion = 10.0.40219.1
Project("{FAE04EC0-301F-11D3-BF4B-00C04F79EFBC}") = "AssignmentMathOperations", "AssignmentMathOperations\AssignmentMathOperations.csproj", "{BB880C67-BD80-4922-B235-A90CCD1D7A9E}"
EndProject
Global
	GlobalSection(SolutionConfigurationPlatforms) = preSolution
		Debug|Any CPU = Debug|Any CPU
		Release|Any CPU = Release|Any CPU
	EndGlobalSection
	GlobalSection(ProjectConfigurationPlatforms) = postSolution
		{BB880C67-BD80-4922-B235-A90CCD1D7A9E}.Debug|Any CPU.ActiveCfg = Debug|Any CPU
		{BB880C67-BD80-4922-B235-A90CCD1D7A9E}.Debug|Any CPU.Build.0 = Debug|Any CPU
		{BB880C67-BD80-4922-B235-A90CCD1D7A9E}.Release|Any CPU.ActiveCfg = Release|Any CPU
		{BB880C67-BD80-4922-B235-A90CCD1D7A9E}.Release|Any CPU.Build.0 = Release|Any CPU
	EndGlobalSection
	GlobalSection(SolutionProperties) = preSolution
		HideSolutionNode = FALSE
	EndGlobalSection
	GlobalSection(ExtensibilityGlobals) = postSolution
		SolutionGuid = {3218AE24-A4FC-4A26-866B-AE4B0B339489}
	EndGlobalSection
EndGlobal
