
Microsoft Visual Studio Solution File, Format Version 12.00
# Visual Studio Version 16
VisualStudioVersion = 16.0.30611.23
MinimumVisualStudioVersion = 10.0.40219.1
Project("{FAE04EC0-301F-11D3-BF4B-00C04F79EFBC}") = "GenericAssignment", "GenericAssignment\GenericAssignment.csproj", "{F808B60C-5DD6-4A35-B534-6D8A179D1FF0}"
EndProject
Global
	GlobalSection(SolutionConfigurationPlatforms) = preSolution
		Debug|Any CPU = Debug|Any CPU
		Release|Any CPU = Release|Any CPU
	EndGlobalSection
	GlobalSection(ProjectConfigurationPlatforms) = postSolution
		{F808B60C-5DD6-4A35-B534-6D8A179D1FF0}.Debug|Any CPU.ActiveCfg = Debug|Any CPU
		{F808B60C-5DD6-4A35-B534-6D8A179D1FF0}.Debug|Any CPU.Build.0 = Debug|Any CPU
		{F808B60C-5DD6-4A35-B534-6D8A179D1FF0}.Release|Any CPU.ActiveCfg = Release|Any CPU
		{F808B60C-5DD6-4A35-B534-6D8A179D1FF0}.Release|Any CPU.Build.0 = Release|Any CPU
	EndGlobalSection
	GlobalSection(SolutionProperties) = preSolution
		HideSolutionNode = FALSE
	EndGlobalSection
	GlobalSection(ExtensibilityGlobals) = postSolution
		SolutionGuid = {6229D8FA-BACE-48A8-B4DB-E78F0C8F3FB5}
	EndGlobalSection
EndGlobal
