
Microsoft Visual Studio Solution File, Format Version 12.00
# Visual Studio Version 16
VisualStudioVersion = 16.0.30611.23
MinimumVisualStudioVersion = 10.0.40219.1
Project("{FAE04EC0-301F-11D3-BF4B-00C04F79EFBC}") = "ClassAndObjectFollowAlong", "ClassAndObjectFollowAlong\ClassAndObjectFollowAlong.csproj", "{A6469173-7C06-41D9-A494-EDED464E3652}"
EndProject
Global
	GlobalSection(SolutionConfigurationPlatforms) = preSolution
		Debug|Any CPU = Debug|Any CPU
		Release|Any CPU = Release|Any CPU
	EndGlobalSection
	GlobalSection(ProjectConfigurationPlatforms) = postSolution
		{A6469173-7C06-41D9-A494-EDED464E3652}.Debug|Any CPU.ActiveCfg = Debug|Any CPU
		{A6469173-7C06-41D9-A494-EDED464E3652}.Debug|Any CPU.Build.0 = Debug|Any CPU
		{A6469173-7C06-41D9-A494-EDED464E3652}.Release|Any CPU.ActiveCfg = Release|Any CPU
		{A6469173-7C06-41D9-A494-EDED464E3652}.Release|Any CPU.Build.0 = Release|Any CPU
	EndGlobalSection
	GlobalSection(SolutionProperties) = preSolution
		HideSolutionNode = FALSE
	EndGlobalSection
	GlobalSection(ExtensibilityGlobals) = postSolution
		SolutionGuid = {26C0AE3B-062F-4BCF-AC6E-5418A247BC91}
	EndGlobalSection
EndGlobal
