
Microsoft Visual Studio Solution File, Format Version 12.00
# Visual Studio Version 16
VisualStudioVersion = 16.0.30611.23
MinimumVisualStudioVersion = 10.0.40219.1
Project("{FAE04EC0-301F-11D3-BF4B-00C04F79EFBC}") = "Branching", "Branching\Branching.csproj", "{A9FB261F-6986-4803-863E-8BD52A531DFF}"
EndProject
Global
	GlobalSection(SolutionConfigurationPlatforms) = preSolution
		Debug|Any CPU = Debug|Any CPU
		Release|Any CPU = Release|Any CPU
	EndGlobalSection
	GlobalSection(ProjectConfigurationPlatforms) = postSolution
		{A9FB261F-6986-4803-863E-8BD52A531DFF}.Debug|Any CPU.ActiveCfg = Debug|Any CPU
		{A9FB261F-6986-4803-863E-8BD52A531DFF}.Debug|Any CPU.Build.0 = Debug|Any CPU
		{A9FB261F-6986-4803-863E-8BD52A531DFF}.Release|Any CPU.ActiveCfg = Release|Any CPU
		{A9FB261F-6986-4803-863E-8BD52A531DFF}.Release|Any CPU.Build.0 = Release|Any CPU
	EndGlobalSection
	GlobalSection(SolutionProperties) = preSolution
		HideSolutionNode = FALSE
	EndGlobalSection
	GlobalSection(ExtensibilityGlobals) = postSolution
		SolutionGuid = {247B358A-8486-49D0-912B-1660A73DA197}
	EndGlobalSection
EndGlobal
