
Microsoft Visual Studio Solution File, Format Version 12.00
# Visual Studio Version 16
VisualStudioVersion = 16.0.30611.23
MinimumVisualStudioVersion = 10.0.40219.1
Project("{FAE04EC0-301F-11D3-BF4B-00C04F79EFBC}") = "MethodAssignment", "MethodAssignment\MethodAssignment.csproj", "{038E7B41-FAD4-4965-949E-BBF454D71FBE}"
EndProject
Global
	GlobalSection(SolutionConfigurationPlatforms) = preSolution
		Debug|Any CPU = Debug|Any CPU
		Release|Any CPU = Release|Any CPU
	EndGlobalSection
	GlobalSection(ProjectConfigurationPlatforms) = postSolution
		{038E7B41-FAD4-4965-949E-BBF454D71FBE}.Debug|Any CPU.ActiveCfg = Debug|Any CPU
		{038E7B41-FAD4-4965-949E-BBF454D71FBE}.Debug|Any CPU.Build.0 = Debug|Any CPU
		{038E7B41-FAD4-4965-949E-BBF454D71FBE}.Release|Any CPU.ActiveCfg = Release|Any CPU
		{038E7B41-FAD4-4965-949E-BBF454D71FBE}.Release|Any CPU.Build.0 = Release|Any CPU
	EndGlobalSection
	GlobalSection(SolutionProperties) = preSolution
		HideSolutionNode = FALSE
	EndGlobalSection
	GlobalSection(ExtensibilityGlobals) = postSolution
		SolutionGuid = {F88157E8-B8B8-466F-B2BB-BD7EBCDBC7F3}
	EndGlobalSection
EndGlobal
